
Microsoft Visual Studio Solution File, Format Version 12.00
# Visual Studio Version 17
VisualStudioVersion = 17.10.35013.160
MinimumVisualStudioVersion = 10.0.40219.1
Project("{9A19103F-16F7-4668-BE54-9A1E7A4F7556}") = "SAE_G2_Upway_API", "SAE_G2_Upway_API\SAE_G2_Upway_API.csproj", "{371FD4AA-B783-4708-AED8-EBFD8B8FA3EF}"
EndProject
Project("{FAE04EC0-301F-11D3-BF4B-00C04F79EFBC}") = "SAE_G2_Upway_APITests", "SAE_G2_Upway_APITests\SAE_G2_Upway_APITests.csproj", "{05BFF027-BB69-4DB5-BEC0-C72D2891319B}"
EndProject
Global
	GlobalSection(SolutionConfigurationPlatforms) = preSolution
		Debug|Any CPU = Debug|Any CPU
		Release|Any CPU = Release|Any CPU
	EndGlobalSection
	GlobalSection(ProjectConfigurationPlatforms) = postSolution
		{371FD4AA-B783-4708-AED8-EBFD8B8FA3EF}.Debug|Any CPU.ActiveCfg = Debug|Any CPU
		{371FD4AA-B783-4708-AED8-EBFD8B8FA3EF}.Debug|Any CPU.Build.0 = Debug|Any CPU
		{371FD4AA-B783-4708-AED8-EBFD8B8FA3EF}.Release|Any CPU.ActiveCfg = Release|Any CPU
		{371FD4AA-B783-4708-AED8-EBFD8B8FA3EF}.Release|Any CPU.Build.0 = Release|Any CPU
		{05BFF027-BB69-4DB5-BEC0-C72D2891319B}.Debug|Any CPU.ActiveCfg = Debug|Any CPU
		{05BFF027-BB69-4DB5-BEC0-C72D2891319B}.Debug|Any CPU.Build.0 = Debug|Any CPU
		{05BFF027-BB69-4DB5-BEC0-C72D2891319B}.Release|Any CPU.ActiveCfg = Release|Any CPU
		{05BFF027-BB69-4DB5-BEC0-C72D2891319B}.Release|Any CPU.Build.0 = Release|Any CPU
	EndGlobalSection
	GlobalSection(SolutionProperties) = preSolution
		HideSolutionNode = FALSE
	EndGlobalSection
	GlobalSection(ExtensibilityGlobals) = postSolution
		SolutionGuid = {26ED69FD-EEF4-4E71-ABEB-191DBEBF1E45}
	EndGlobalSection
EndGlobal
